
Microsoft Visual Studio Solution File, Format Version 12.00
# Visual Studio Version 17
VisualStudioVersion = 17.3.32825.248
MinimumVisualStudioVersion = 10.0.40219.1
Project("{FAE04EC0-301F-11D3-BF4B-00C04F79EFBC}") = "String1", "String1\String1.csproj", "{1DD0A339-9065-46EC-9E89-53706AA92C6E}"
EndProject
Global
	GlobalSection(SolutionConfigurationPlatforms) = preSolution
		Debug|Any CPU = Debug|Any CPU
		Release|Any CPU = Release|Any CPU
	EndGlobalSection
	GlobalSection(ProjectConfigurationPlatforms) = postSolution
		{1DD0A339-9065-46EC-9E89-53706AA92C6E}.Debug|Any CPU.ActiveCfg = Debug|Any CPU
		{1DD0A339-9065-46EC-9E89-53706AA92C6E}.Debug|Any CPU.Build.0 = Debug|Any CPU
		{1DD0A339-9065-46EC-9E89-53706AA92C6E}.Release|Any CPU.ActiveCfg = Release|Any CPU
		{1DD0A339-9065-46EC-9E89-53706AA92C6E}.Release|Any CPU.Build.0 = Release|Any CPU
	EndGlobalSection
	GlobalSection(SolutionProperties) = preSolution
		HideSolutionNode = FALSE
	EndGlobalSection
	GlobalSection(ExtensibilityGlobals) = postSolution
		SolutionGuid = {CD15D7FB-C26A-442E-AD7E-CFB0D5499AD7}
	EndGlobalSection
EndGlobal
