
Microsoft Visual Studio Solution File, Format Version 12.00
# Visual Studio Version 17
VisualStudioVersion = 17.5.33424.131
MinimumVisualStudioVersion = 10.0.40219.1
Project("{FAE04EC0-301F-11D3-BF4B-00C04F79EFBC}") = "WebApplicationLab2-ex3", "WebApplicationLab2-ex3\WebApplicationLab2-ex3.csproj", "{31A9949E-DAB0-40FD-B355-5818C93D9569}"
EndProject
Global
	GlobalSection(SolutionConfigurationPlatforms) = preSolution
		Debug|Any CPU = Debug|Any CPU
		Release|Any CPU = Release|Any CPU
	EndGlobalSection
	GlobalSection(ProjectConfigurationPlatforms) = postSolution
		{31A9949E-DAB0-40FD-B355-5818C93D9569}.Debug|Any CPU.ActiveCfg = Debug|Any CPU
		{31A9949E-DAB0-40FD-B355-5818C93D9569}.Debug|Any CPU.Build.0 = Debug|Any CPU
		{31A9949E-DAB0-40FD-B355-5818C93D9569}.Release|Any CPU.ActiveCfg = Release|Any CPU
		{31A9949E-DAB0-40FD-B355-5818C93D9569}.Release|Any CPU.Build.0 = Release|Any CPU
	EndGlobalSection
	GlobalSection(SolutionProperties) = preSolution
		HideSolutionNode = FALSE
	EndGlobalSection
	GlobalSection(ExtensibilityGlobals) = postSolution
		SolutionGuid = {9FCA9631-CBA7-4EE6-BDBB-C99DE75723A5}
	EndGlobalSection
EndGlobal
