
Microsoft Visual Studio Solution File, Format Version 12.00
# Visual Studio Version 17
VisualStudioVersion = 17.3.32825.248
MinimumVisualStudioVersion = 10.0.40219.1
Project("{FAE04EC0-301F-11D3-BF4B-00C04F79EFBC}") = "WpfAppCanVas", "WpfAppCanVas\WpfAppCanVas.csproj", "{93371073-14DF-4540-B478-D8569E0F7DD9}"
EndProject
Global
	GlobalSection(SolutionConfigurationPlatforms) = preSolution
		Debug|Any CPU = Debug|Any CPU
		Release|Any CPU = Release|Any CPU
	EndGlobalSection
	GlobalSection(ProjectConfigurationPlatforms) = postSolution
		{93371073-14DF-4540-B478-D8569E0F7DD9}.Debug|Any CPU.ActiveCfg = Debug|Any CPU
		{93371073-14DF-4540-B478-D8569E0F7DD9}.Debug|Any CPU.Build.0 = Debug|Any CPU
		{93371073-14DF-4540-B478-D8569E0F7DD9}.Release|Any CPU.ActiveCfg = Release|Any CPU
		{93371073-14DF-4540-B478-D8569E0F7DD9}.Release|Any CPU.Build.0 = Release|Any CPU
	EndGlobalSection
	GlobalSection(SolutionProperties) = preSolution
		HideSolutionNode = FALSE
	EndGlobalSection
	GlobalSection(ExtensibilityGlobals) = postSolution
		SolutionGuid = {84048759-23A2-4743-9221-DB0E32556039}
	EndGlobalSection
EndGlobal
