
Microsoft Visual Studio Solution File, Format Version 12.00
# Visual Studio Version 17
VisualStudioVersion = 17.3.32825.248
MinimumVisualStudioVersion = 10.0.40219.1
Project("{FAE04EC0-301F-11D3-BF4B-00C04F79EFBC}") = "BTH1", "BTH1\BTH1.csproj", "{99117695-378E-40AF-AF07-E706A2F30057}"
EndProject
Global
	GlobalSection(SolutionConfigurationPlatforms) = preSolution
		Debug|Any CPU = Debug|Any CPU
		Release|Any CPU = Release|Any CPU
	EndGlobalSection
	GlobalSection(ProjectConfigurationPlatforms) = postSolution
		{99117695-378E-40AF-AF07-E706A2F30057}.Debug|Any CPU.ActiveCfg = Debug|Any CPU
		{99117695-378E-40AF-AF07-E706A2F30057}.Debug|Any CPU.Build.0 = Debug|Any CPU
		{99117695-378E-40AF-AF07-E706A2F30057}.Release|Any CPU.ActiveCfg = Release|Any CPU
		{99117695-378E-40AF-AF07-E706A2F30057}.Release|Any CPU.Build.0 = Release|Any CPU
	EndGlobalSection
	GlobalSection(SolutionProperties) = preSolution
		HideSolutionNode = FALSE
	EndGlobalSection
	GlobalSection(ExtensibilityGlobals) = postSolution
		SolutionGuid = {993112C0-1CFA-4473-B89E-9D1541410A08}
	EndGlobalSection
EndGlobal
