
Microsoft Visual Studio Solution File, Format Version 12.00
# Visual Studio Version 17
VisualStudioVersion = 17.3.32825.248
MinimumVisualStudioVersion = 10.0.40219.1
Project("{FAE04EC0-301F-11D3-BF4B-00C04F79EFBC}") = "structure2", "structure2\structure2.csproj", "{0E8ADE0D-C8C5-478C-94BF-F9BB16F25C36}"
EndProject
Global
	GlobalSection(SolutionConfigurationPlatforms) = preSolution
		Debug|Any CPU = Debug|Any CPU
		Release|Any CPU = Release|Any CPU
	EndGlobalSection
	GlobalSection(ProjectConfigurationPlatforms) = postSolution
		{0E8ADE0D-C8C5-478C-94BF-F9BB16F25C36}.Debug|Any CPU.ActiveCfg = Debug|Any CPU
		{0E8ADE0D-C8C5-478C-94BF-F9BB16F25C36}.Debug|Any CPU.Build.0 = Debug|Any CPU
		{0E8ADE0D-C8C5-478C-94BF-F9BB16F25C36}.Release|Any CPU.ActiveCfg = Release|Any CPU
		{0E8ADE0D-C8C5-478C-94BF-F9BB16F25C36}.Release|Any CPU.Build.0 = Release|Any CPU
	EndGlobalSection
	GlobalSection(SolutionProperties) = preSolution
		HideSolutionNode = FALSE
	EndGlobalSection
	GlobalSection(ExtensibilityGlobals) = postSolution
		SolutionGuid = {5EBE6B8C-CBDD-4830-B8BE-9A3C2AF20265}
	EndGlobalSection
EndGlobal
